// !$*UTF8*$!
{
	archiveVersion = 1;
	classes = {
	};
	objectVersion = 46;
	objects = {

/* Begin PBXBuildFile section */
		4D0082AC1C28407A00AE6FA1 /* AppDelegate.swift in Sources */ = {isa = PBXBuildFile; fileRef = 4D0082AB1C28407A00AE6FA1 /* AppDelegate.swift */; };
		4D0082AE1C28407A00AE6FA1 /* ViewController.swift in Sources */ = {isa = PBXBuildFile; fileRef = 4D0082AD1C28407A00AE6FA1 /* ViewController.swift */; };
		4D0082B11C28407A00AE6FA1 /* Main.storyboard in Resources */ = {isa = PBXBuildFile; fileRef = 4D0082AF1C28407A00AE6FA1 /* Main.storyboard */; };
		4D0082B31C28407A00AE6FA1 /* Assets.xcassets in Resources */ = {isa = PBXBuildFile; fileRef = 4D0082B21C28407A00AE6FA1 /* Assets.xcassets */; };
		4D0082B61C28407A00AE6FA1 /* LaunchScreen.storyboard in Resources */ = {isa = PBXBuildFile; fileRef = 4D0082B41C28407A00AE6FA1 /* LaunchScreen.storyboard */; };
		4D0082C11C28407A00AE6FA1 /* DemoTests.swift in Sources */ = {isa = PBXBuildFile; fileRef = 4D0082C01C28407A00AE6FA1 /* DemoTests.swift */; };
		74682639F8B0FFCCFA1787F5 /* Pods.framework in Frameworks */ = {isa = PBXBuildFile; fileRef = 23B0FEBA2C4F731F8BD8639F /* Pods.framework */; };
/* End PBXBuildFile section */

/* Begin PBXContainerItemProxy section */
		4D0082BD1C28407A00AE6FA1 /* PBXContainerItemProxy */ = {
			isa = PBXContainerItemProxy;
			containerPortal = 4D0082A01C28407A00AE6FA1 /* Project object */;
			proxyType = 1;
			remoteGlobalIDString = 4D0082A71C28407A00AE6FA1;
			remoteInfo = Demo;
		};
/* End PBXContainerItemProxy section */

/* Begin PBXFileReference section */
		103B400A65ACD72F4EB71B40 /* Pods.release.xcconfig */ = {isa = PBXFileReference; includeInIndex = 1; lastKnownFileType = text.xcconfig; name = Pods.release.xcconfig; path = "Pods/Target Support Files/Pods/Pods.release.xcconfig"; sourceTree = "<group>"; };
		23B0FEBA2C4F731F8BD8639F /* Pods.framework */ = {isa = PBXFileReference; explicitFileType = wrapper.framework; includeInIndex = 0; path = Pods.framework; sourceTree = BUILT_PRODUCTS_DIR; };
		4D0082A81C28407A00AE6FA1 /* Demo.app */ = {isa = PBXFileReference; explicitFileType = wrapper.application; includeInIndex = 0; path = Demo.app; sourceTree = BUILT_PRODUCTS_DIR; };
		4D0082AB1C28407A00AE6FA1 /* AppDelegate.swift */ = {isa = PBXFileReference; lastKnownFileType = sourcecode.swift; path = AppDelegate.swift; sourceTree = "<group>"; };
		4D0082AD1C28407A00AE6FA1 /* ViewController.swift */ = {isa = PBXFileReference; lastKnownFileType = sourcecode.swift; path = ViewController.swift; sourceTree = "<group>"; };
		4D0082B01C28407A00AE6FA1 /* Base */ = {isa = PBXFileReference; lastKnownFileType = file.storyboard; name = Base; path = Base.lproj/Main.storyboard; sourceTree = "<group>"; };
		4D0082B21C28407A00AE6FA1 /* Assets.xcassets */ = {isa = PBXFileReference; lastKnownFileType = folder.assetcatalog; path = Assets.xcassets; sourceTree = "<group>"; };
		4D0082B51C28407A00AE6FA1 /* Base */ = {isa = PBXFileReference; lastKnownFileType = file.storyboard; name = Base; path = Base.lproj/LaunchScreen.storyboard; sourceTree = "<group>"; };
		4D0082B71C28407A00AE6FA1 /* Info.plist */ = {isa = PBXFileReference; lastKnownFileType = text.plist.xml; path = Info.plist; sourceTree = "<group>"; };
		4D0082BC1C28407A00AE6FA1 /* DemoTests.xctest */ = {isa = PBXFileReference; explicitFileType = wrapper.cfbundle; includeInIndex = 0; path = DemoTests.xctest; sourceTree = BUILT_PRODUCTS_DIR; };
		4D0082C01C28407A00AE6FA1 /* DemoTests.swift */ = {isa = PBXFileReference; lastKnownFileType = sourcecode.swift; path = DemoTests.swift; sourceTree = "<group>"; };
		4D0082C21C28407A00AE6FA1 /* Info.plist */ = {isa = PBXFileReference; lastKnownFileType = text.plist.xml; path = Info.plist; sourceTree = "<group>"; };
		B379DBC0D306025C972EFA6E /* Pods.debug.xcconfig */ = {isa = PBXFileReference; includeInIndex = 1; lastKnownFileType = text.xcconfig; name = Pods.debug.xcconfig; path = "Pods/Target Support Files/Pods/Pods.debug.xcconfig"; sourceTree = "<group>"; };
/* End PBXFileReference section */

/* Begin PBXFrameworksBuildPhase section */
		4D0082A51C28407A00AE6FA1 /* Frameworks */ = {
			isa = PBXFrameworksBuildPhase;
			buildActionMask = 2147483647;
			files = (
				74682639F8B0FFCCFA1787F5 /* Pods.framework in Frameworks */,
			);
			runOnlyForDeploymentPostprocessing = 0;
		};
		4D0082B91C28407A00AE6FA1 /* Frameworks */ = {
			isa = PBXFrameworksBuildPhase;
			buildActionMask = 2147483647;
			files = (
			);
			runOnlyForDeploymentPostprocessing = 0;
		};
/* End PBXFrameworksBuildPhase section */

/* Begin PBXGroup section */
		4D00829F1C28407A00AE6FA1 = {
			isa = PBXGroup;
			children = (
				4D0082AA1C28407A00AE6FA1 /* Demo */,
				4D0082BF1C28407A00AE6FA1 /* DemoTests */,
				4D0082A91C28407A00AE6FA1 /* Products */,
				A25D292B4C24C41FA865478D /* Pods */,
				CF81C693111FF779BE8445B2 /* Frameworks */,
			);
			sourceTree = "<group>";
		};
		4D0082A91C28407A00AE6FA1 /* Products */ = {
			isa = PBXGroup;
			children = (
				4D0082A81C28407A00AE6FA1 /* Demo.app */,
				4D0082BC1C28407A00AE6FA1 /* DemoTests.xctest */,
			);
			name = Products;
			sourceTree = "<group>";
		};
		4D0082AA1C28407A00AE6FA1 /* Demo */ = {
			isa = PBXGroup;
			children = (
				4D0082AB1C28407A00AE6FA1 /* AppDelegate.swift */,
				4D0082AD1C28407A00AE6FA1 /* ViewController.swift */,
				4D0082AF1C28407A00AE6FA1 /* Main.storyboard */,
				4D0082B21C28407A00AE6FA1 /* Assets.xcassets */,
				4D0082B41C28407A00AE6FA1 /* LaunchScreen.storyboard */,
				4D0082B71C28407A00AE6FA1 /* Info.plist */,
			);
			path = Demo;
			sourceTree = "<group>";
		};
		4D0082BF1C28407A00AE6FA1 /* DemoTests */ = {
			isa = PBXGroup;
			children = (
				4D0082C01C28407A00AE6FA1 /* DemoTests.swift */,
				4D0082C21C28407A00AE6FA1 /* Info.plist */,
			);
			path = DemoTests;
			sourceTree = "<group>";
		};
		A25D292B4C24C41FA865478D /* Pods */ = {
			isa = PBXGroup;
			children = (
				B379DBC0D306025C972EFA6E /* Pods.debug.xcconfig */,
				103B400A65ACD72F4EB71B40 /* Pods.release.xcconfig */,
			);
			name = Pods;
			sourceTree = "<group>";
		};
		CF81C693111FF779BE8445B2 /* Frameworks */ = {
			isa = PBXGroup;
			children = (
				23B0FEBA2C4F731F8BD8639F /* Pods.framework */,
			);
			name = Frameworks;
			sourceTree = "<group>";
		};
/* End PBXGroup section */

/* Begin PBXNativeTarget section */
		4D0082A71C28407A00AE6FA1 /* Demo */ = {
			isa = PBXNativeTarget;
			buildConfigurationList = 4D0082C51C28407A00AE6FA1 /* Build configuration list for PBXNativeTarget "Demo" */;
			buildPhases = (
				CB33A8224813D6DD3CCDC880 /* Check Pods Manifest.lock */,
				4D0082A41C28407A00AE6FA1 /* Sources */,
				4D0082A51C28407A00AE6FA1 /* Frameworks */,
				4D0082A61C28407A00AE6FA1 /* Resources */,
				D64FA765246830740FB33DA2 /* Embed Pods Frameworks */,
				C25D24DFEAC4D238FE437A1D /* Copy Pods Resources */,
			);
			buildRules = (
			);
			dependencies = (
			);
			name = Demo;
			productName = Demo;
			productReference = 4D0082A81C28407A00AE6FA1 /* Demo.app */;
			productType = "com.apple.product-type.application";
		};
		4D0082BB1C28407A00AE6FA1 /* DemoTests */ = {
			isa = PBXNativeTarget;
			buildConfigurationList = 4D0082C81C28407A00AE6FA1 /* Build configuration list for PBXNativeTarget "DemoTests" */;
			buildPhases = (
				4D0082B81C28407A00AE6FA1 /* Sources */,
				4D0082B91C28407A00AE6FA1 /* Frameworks */,
				4D0082BA1C28407A00AE6FA1 /* Resources */,
			);
			buildRules = (
			);
			dependencies = (
				4D0082BE1C28407A00AE6FA1 /* PBXTargetDependency */,
			);
			name = DemoTests;
			productName = DemoTests;
			productReference = 4D0082BC1C28407A00AE6FA1 /* DemoTests.xctest */;
			productType = "com.apple.product-type.bundle.unit-test";
		};
/* End PBXNativeTarget section */

/* Begin PBXProject section */
		4D0082A01C28407A00AE6FA1 /* Project object */ = {
			isa = PBXProject;
			attributes = {
				LastSwiftUpdateCheck = 0710;
				LastUpgradeCheck = 0710;
				TargetAttributes = {
					4D0082A71C28407A00AE6FA1 = {
						CreatedOnToolsVersion = 7.1.1;
					};
					4D0082BB1C28407A00AE6FA1 = {
						CreatedOnToolsVersion = 7.1.1;
						TestTargetID = 4D0082A71C28407A00AE6FA1;
					};
				};
			};
			buildConfigurationList = 4D0082A31C28407A00AE6FA1 /* Build configuration list for PBXProject "Demo" */;
			compatibilityVersion = "Xcode 3.2";
			developmentRegion = English;
			hasScannedForEncodings = 0;
			knownRegions = (
				en,
				Base,
			);
			mainGroup = 4D00829F1C28407A00AE6FA1;
			productRefGroup = 4D0082A91C28407A00AE6FA1 /* Products */;
			projectDirPath = "";
			projectRoot = "";
			targets = (
				4D0082A71C28407A00AE6FA1 /* Demo */,
				4D0082BB1C28407A00AE6FA1 /* DemoTests */,
			);
		};
/* End PBXProject section */

/* Begin PBXResourcesBuildPhase section */
		4D0082A61C28407A00AE6FA1 /* Resources */ = {
			isa = PBXResourcesBuildPhase;
			buildActionMask = 2147483647;
			files = (
				4D0082B61C28407A00AE6FA1 /* LaunchScreen.storyboard in Resources */,
				4D0082B31C28407A00AE6FA1 /* Assets.xcassets in Resources */,
				4D0082B11C28407A00AE6FA1 /* Main.storyboard in Resources */,
			);
			runOnlyForDeploymentPostprocessing = 0;
		};
		4D0082BA1C28407A00AE6FA1 /* Resources */ = {
			isa = PBXResourcesBuildPhase;
			buildActionMask = 2147483647;
			files = (
			);
			runOnlyForDeploymentPostprocessing = 0;
		};
/* End PBXResourcesBuildPhase section */

/* Begin PBXShellScriptBuildPhase section */
		C25D24DFEAC4D238FE437A1D /* Copy Pods Resources */ = {
			isa = PBXShellScriptBuildPhase;
			buildActionMask = 2147483647;
			files = (
			);
			inputPaths = (
			);
			name = "Copy Pods Resources";
			outputPaths = (
			);
			runOnlyForDeploymentPostprocessing = 0;
			shellPath = /bin/sh;
			shellScript = "\"${SRCROOT}/Pods/Target Support Files/Pods/Pods-resources.sh\"\n";
			showEnvVarsInLog = 0;
		};
		CB33A8224813D6DD3CCDC880 /* Check Pods Manifest.lock */ = {
			isa = PBXShellScriptBuildPhase;
			buildActionMask = 2147483647;
			files = (
			);
			inputPaths = (
			);
			name = "Check Pods Manifest.lock";
			outputPaths = (
			);
			runOnlyForDeploymentPostprocessing = 0;
			shellPath = /bin/sh;
			shellScript = "diff \"${PODS_ROOT}/../Podfile.lock\" \"${PODS_ROOT}/Manifest.lock\" > /dev/null\nif [[ $? != 0 ]] ; then\n    cat << EOM\nerror: The sandbox is not in sync with the Podfile.lock. Run 'pod install' or update your CocoaPods installation.\nEOM\n    exit 1\nfi\n";
			showEnvVarsInLog = 0;
		};
		D64FA765246830740FB33DA2 /* Embed Pods Frameworks */ = {
			isa = PBXShellScriptBuildPhase;
			buildActionMask = 2147483647;
			files = (
			);
			inputPaths = (
			);
			name = "Embed Pods Frameworks";
			outputPaths = (
			);
			runOnlyForDeploymentPostprocessing = 0;
			shellPath = /bin/sh;
			shellScript = "\"${SRCROOT}/Pods/Target Support Files/Pods/Pods-frameworks.sh\"\n";
			showEnvVarsInLog = 0;
		};
/* End PBXShellScriptBuildPhase section */

/* Begin PBXSourcesBuildPhase section */
		4D0082A41C28407A00AE6FA1 /* Sources */ = {
			isa = PBXSourcesBuildPhase;
			buildActionMask = 2147483647;
			files = (
				4D0082AE1C28407A00AE6FA1 /* ViewController.swift in Sources */,
				4D0082AC1C28407A00AE6FA1 /* AppDelegate.swift in Sources */,
			);
			runOnlyForDeploymentPostprocessing = 0;
		};
		4D0082B81C28407A00AE6FA1 /* Sources */ = {
			isa = PBXSourcesBuildPhase;
			buildActionMask = 2147483647;
			files = (
				4D0082C11C28407A00AE6FA1 /* DemoTests.swift in Sources */,
			);
			runOnlyForDeploymentPostprocessing = 0;
		};
/* End PBXSourcesBuildPhase section */

/* Begin PBXTargetDependency section */
		4D0082BE1C28407A00AE6FA1 /* PBXTargetDependency */ = {
			isa = PBXTargetDependency;
			target = 4D0082A71C28407A00AE6FA1 /* Demo */;
			targetProxy = 4D0082BD1C28407A00AE6FA1 /* PBXContainerItemProxy */;
		};
/* End PBXTargetDependency section */

/* Begin PBXVariantGroup section */
		4D0082AF1C28407A00AE6FA1 /* Main.storyboard */ = {
			isa = PBXVariantGroup;
			children = (
				4D0082B01C28407A00AE6FA1 /* Base */,
			);
			name = Main.storyboard;
			sourceTree = "<group>";
		};
		4D0082B41C28407A00AE6FA1 /* LaunchScreen.storyboard */ = {
			isa = PBXVariantGroup;
			children = (
				4D0082B51C28407A00AE6FA1 /* Base */,
			);
			name = LaunchScreen.storyboard;
			sourceTree = "<group>";
		};
/* End PBXVariantGroup section */

/* Begin XCBuildConfiguration section */
		4D0082C31C28407A00AE6FA1 /* Debug */ = {
			isa = XCBuildConfiguration;
			buildSettings = {
				ALWAYS_SEARCH_USER_PATHS = NO;
				CLANG_CXX_LANGUAGE_STANDARD = "gnu++0x";
				CLANG_CXX_LIBRARY = "libc++";
				CLANG_ENABLE_MODULES = YES;
				CLANG_ENABLE_OBJC_ARC = YES;
				CLANG_WARN_BOOL_CONVERSION = YES;
				CLANG_WARN_CONSTANT_CONVERSION = YES;
				CLANG_WARN_DIRECT_OBJC_ISA_USAGE = YES_ERROR;
				CLANG_WARN_EMPTY_BODY = YES;
				CLANG_WARN_ENUM_CONVERSION = YES;
				CLANG_WARN_INT_CONVERSION = YES;
				CLANG_WARN_OBJC_ROOT_CLASS = YES_ERROR;
				CLANG_WARN_UNREACHABLE_CODE = YES;
				CLANG_WARN__DUPLICATE_METHOD_MATCH = YES;
				"CODE_SIGN_IDENTITY[sdk=iphoneos*]" = "iPhone Developer";
				COPY_PHASE_STRIP = NO;
				DEBUG_INFORMATION_FORMAT = dwarf;
				ENABLE_STRICT_OBJC_MSGSEND = YES;
				ENABLE_TESTABILITY = YES;
				GCC_C_LANGUAGE_STANDARD = gnu99;
				GCC_DYNAMIC_NO_PIC = NO;
				GCC_NO_COMMON_BLOCKS = YES;
				GCC_OPTIMIZATION_LEVEL = 0;
				GCC_PREPROCESSOR_DEFINITIONS = (
					"DEBUG=1",
					"$(inherited)",
				);
				GCC_WARN_64_TO_32_BIT_CONVERSION = YES;
				GCC_WARN_ABOUT_RETURN_TYPE = YES_ERROR;
				GCC_WARN_UNDECLARED_SELECTOR = YES;
				GCC_WARN_UNINITIALIZED_AUTOS = YES_AGGRESSIVE;
				GCC_WARN_UNUSED_FUNCTION = YES;
				GCC_WARN_UNUSED_VARIABLE = YES;
				IPHONEOS_DEPLOYMENT_TARGET = 9.1;
				MTL_ENABLE_DEBUG_INFO = YES;
				ONLY_ACTIVE_ARCH = YES;
				SDKROOT = iphoneos;
				SWIFT_OPTIMIZATION_LEVEL = "-Onone";
			};
			name = Debug;
		};
		4D0082C41C28407A00AE6FA1 /* Release */ = {
			isa = XCBuildConfiguration;
			buildSettings = {
				ALWAYS_SEARCH_USER_PATHS = NO;
				CLANG_CXX_LANGUAGE_STANDARD = "gnu++0x";
				CLANG_CXX_LIBRARY = "libc++";
				CLANG_ENABLE_MODULES = YES;
				CLANG_ENABLE_OBJC_ARC = YES;
				CLANG_WARN_BOOL_CONVERSION = YES;
				CLANG_WARN_CONSTANT_CONVERSION = YES;
				CLANG_WARN_DIRECT_OBJC_ISA_USAGE = YES_ERROR;
				CLANG_WARN_EMPTY_BODY = YES;
				CLANG_WARN_ENUM_CONVERSION = YES;
				CLANG_WARN_INT_CONVERSION = YES;
				CLANG_WARN_OBJC_ROOT_CLASS = YES_ERROR;
				CLANG_WARN_UNREACHABLE_CODE = YES;
				CLANG_WARN__DUPLICATE_METHOD_MATCH = YES;
				"CODE_SIGN_IDENTITY[sdk=iphoneos*]" = "iPhone Developer";
				COPY_PHASE_STRIP = NO;
				DEBUG_INFORMATION_FORMAT = "dwarf-with-dsym";
				ENABLE_NS_ASSERTIONS = NO;
				ENABLE_STRICT_OBJC_MSGSEND = YES;
				GCC_C_LANGUAGE_STANDARD = gnu99;
				GCC_NO_COMMON_BLOCKS = YES;
				GCC_WARN_64_TO_32_BIT_CONVERSION = YES;
				GCC_WARN_ABOUT_RETURN_TYPE = YES_ERROR;
				GCC_WARN_UNDECLARED_SELECTOR = YES;
				GCC_WARN_UNINITIALIZED_AUTOS = YES_AGGRESSIVE;
				GCC_WARN_UNUSED_FUNCTION = YES;
				GCC_WARN_UNUSED_VARIABLE = YES;
				IPHONEOS_DEPLOYMENT_TARGET = 9.1;
				MTL_ENABLE_DEBUG_INFO = NO;
				SDKROOT = iphoneos;
				VALIDATE_PRODUCT = YES;
			};
			name = Release;
		};
		4D0082C61C28407A00AE6FA1 /* Debug */ = {
			isa = XCBuildConfiguration;
			baseConfigurationReference = B379DBC0D306025C972EFA6E /* Pods.debug.xcconfig */;
			buildSettings = {
				ASSETCATALOG_COMPILER_APPICON_NAME = AppIcon;
				INFOPLIST_FILE = Demo/Info.plist;
				LD_RUNPATH_SEARCH_PATHS = "$(inherited) @executable_path/Frameworks";
				PRODUCT_BUNDLE_IDENTIFIER = com.github.sgrksmt.Demo;
				PRODUCT_NAME = "$(TARGET_NAME)";
			};
			name = Debug;
		};
		4D0082C71C28407A00AE6FA1 /* Release */ = {
			isa = XCBuildConfiguration;
			baseConfigurationReference = 103B400A65ACD72F4EB71B40 /* Pods.release.xcconfig */;
			buildSettings = {
				ASSETCATALOG_COMPILER_APPICON_NAME = AppIcon;
				INFOPLIST_FILE = Demo/Info.plist;
				LD_RUNPATH_SEARCH_PATHS = "$(inherited) @executable_path/Frameworks";
				PRODUCT_BUNDLE_IDENTIFIER = com.github.sgrksmt.Demo;
				PRODUCT_NAME = "$(TARGET_NAME)";
			};
			name = Release;
		};
		4D0082C91C28407A00AE6FA1 /* Debug */ = {
			isa = XCBuildConfiguration;
			buildSettings = {
				BUNDLE_LOADER = "$(TEST_HOST)";
				INFOPLIST_FILE = DemoTests/Info.plist;
				LD_RUNPATH_SEARCH_PATHS = "$(inherited) @executable_path/Frameworks @loader_path/Frameworks";
				PRODUCT_BUNDLE_IDENTIFIER = com.github.sgrksmt.DemoTests;
				PRODUCT_NAME = "$(TARGET_NAME)";
				TEST_HOST = "$(BUILT_PRODUCTS_DIR)/Demo.app/Demo";
			};
			name = Debug;
		};
		4D0082CA1C28407A00AE6FA1 /* Release */ = {
			isa = XCBuildConfiguration;
			buildSettings = {
				BUNDLE_LOADER = "$(TEST_HOST)";
				INFOPLIST_FILE = DemoTests/Info.plist;
				LD_RUNPATH_SEARCH_PATHS = "$(inherited) @executable_path/Frameworks @loader_path/Frameworks";
				PRODUCT_BUNDLE_IDENTIFIER = com.github.sgrksmt.DemoTests;
				PRODUCT_NAME = "$(TARGET_NAME)";
				TEST_HOST = "$(BUILT_PRODUCTS_DIR)/Demo.app/Demo";
			};
			name = Release;
		};
/* End XCBuildConfiguration section */

/* Begin XCConfigurationList section */
		4D0082A31C28407A00AE6FA1 /* Build configuration list for PBXProject "Demo" */ = {
			isa = XCConfigurationList;
			buildConfigurations = (
				4D0082C31C28407A00AE6FA1 /* Debug */,
				4D0082C41C28407A00AE6FA1 /* Release */,
			);
			defaultConfigurationIsVisible = 0;
			defaultConfigurationName = Release;
		};
		4D0082C51C28407A00AE6FA1 /* Build configuration list for PBXNativeTarget "Demo" */ = {
			isa = XCConfigurationList;
			buildConfigurations = (
				4D0082C61C28407A00AE6FA1 /* Debug */,
				4D0082C71C28407A00AE6FA1 /* Release */,
			);
			defaultConfigurationIsVisible = 0;
			defaultConfigurationName = Release;
		};
		4D0082C81C28407A00AE6FA1 /* Build configuration list for PBXNativeTarget "DemoTests" */ = {
			isa = XCConfigurationList;
			buildConfigurations = (
				4D0082C91C28407A00AE6FA1 /* Debug */,
				4D0082CA1C28407A00AE6FA1 /* Release */,
			);
			defaultConfigurationIsVisible = 0;
			defaultConfigurationName = Release;
		};
/* End XCConfigurationList section */
	};
	rootObject = 4D0082A01C28407A00AE6FA1 /* Project object */;
}
